
Microsoft Visual Studio Solution File, Format Version 12.00
# Visual Studio Version 17
VisualStudioVersion = 17.7.34031.279
MinimumVisualStudioVersion = 10.0.40219.1
Project("{FAE04EC0-301F-11D3-BF4B-00C04F79EFBC}") = "APC", "APC\APC.csproj", "{4C6ED3F2-49DE-4079-A815-82C2CD86E552}"
EndProject
Global
	GlobalSection(SolutionConfigurationPlatforms) = preSolution
		Debug|Any CPU = Debug|Any CPU
		Release|Any CPU = Release|Any CPU
	EndGlobalSection
	GlobalSection(ProjectConfigurationPlatforms) = postSolution
		{4C6ED3F2-49DE-4079-A815-82C2CD86E552}.Debug|Any CPU.ActiveCfg = Debug|Any CPU
		{4C6ED3F2-49DE-4079-A815-82C2CD86E552}.Debug|Any CPU.Build.0 = Debug|Any CPU
		{4C6ED3F2-49DE-4079-A815-82C2CD86E552}.Release|Any CPU.ActiveCfg = Release|Any CPU
		{4C6ED3F2-49DE-4079-A815-82C2CD86E552}.Release|Any CPU.Build.0 = Release|Any CPU
	EndGlobalSection
	GlobalSection(SolutionProperties) = preSolution
		HideSolutionNode = FALSE
	EndGlobalSection
	GlobalSection(ExtensibilityGlobals) = postSolution
		SolutionGuid = {E6C2070E-8918-4F5E-9B05-F882CEF81CB5}
	EndGlobalSection
EndGlobal
